
Microsoft Visual Studio Solution File, Format Version 12.00
# Visual Studio Version 17
VisualStudioVersion = 17.8.34408.163
MinimumVisualStudioVersion = 10.0.40219.1
Project("{2150E333-8FDC-42A3-9474-1A3956D46DE8}") = "FrontEnd", "FrontEnd", "{3AA09D72-4ABF-43FF-BF24-7A12109CD485}"
EndProject
Project("{2150E333-8FDC-42A3-9474-1A3956D46DE8}") = "Gateway", "Gateway", "{9693D7D7-7789-480D-988C-DABAFAE9F17A}"
EndProject
Project("{2150E333-8FDC-42A3-9474-1A3956D46DE8}") = "Integration", "Integration", "{1BF456B7-3FD2-4AC5-B645-9815258DD3F6}"
EndProject
Project("{2150E333-8FDC-42A3-9474-1A3956D46DE8}") = "Services", "Services", "{8502743A-E866-4E3F-8A24-BD9D8FD89146}"
EndProject
Project("{9A19103F-16F7-4668-BE54-9A1E7A4F7556}") = "Mango.Services.CouponAPI", "Mango.Services.CouponAPI\Mango.Services.CouponAPI.csproj", "{5306D949-B774-437D-BE90-EA0917A9762A}"
EndProject
Project("{9A19103F-16F7-4668-BE54-9A1E7A4F7556}") = "Mango.Web", "Mango.Web\Mango.Web.csproj", "{A354B482-9C76-45C3-A251-4D9D8F7F2098}"
EndProject
Project("{9A19103F-16F7-4668-BE54-9A1E7A4F7556}") = "Mango.Services.AuthAPI", "Mango.Services.AuthAPI\Mango.Services.AuthAPI.csproj", "{4C732CDA-AFB3-4511-AAF0-3435C37E3E31}"
EndProject
Project("{9A19103F-16F7-4668-BE54-9A1E7A4F7556}") = "Mango.Services.ProductAPI", "Mango.Services.ProductAPI\Mango.Services.ProductAPI.csproj", "{91FFA791-9C27-42CA-8204-8DB697BA5976}"
EndProject
Project("{9A19103F-16F7-4668-BE54-9A1E7A4F7556}") = "Mango.Services.ShoppingCartAPI", "Mango.Services.ShoppingCartAPI\Mango.Services.ShoppingCartAPI.csproj", "{2F8F57EA-FFE7-4365-A483-B9511469AD88}"
EndProject
Project("{9A19103F-16F7-4668-BE54-9A1E7A4F7556}") = "Mango.MessageBus", "Mango.MessageBus\Mango.MessageBus.csproj", "{FE6B65CB-543A-4055-A38E-B56E613C2CA8}"
EndProject
Project("{9A19103F-16F7-4668-BE54-9A1E7A4F7556}") = "Mango.Services.EmailAPI", "Mango.Services.EmailAPI\Mango.Services.EmailAPI.csproj", "{6F0A77F5-7257-4547-8E80-D211E545BA12}"
EndProject
Project("{9A19103F-16F7-4668-BE54-9A1E7A4F7556}") = "Mango.Services.OrderAPI", "Mango.Services.OrderAPI\Mango.Services.OrderAPI.csproj", "{1724372C-9B65-4EA5-A837-D90155424CFE}"
EndProject
Project("{9A19103F-16F7-4668-BE54-9A1E7A4F7556}") = "Mango.Services.RewardAPI", "Mango.Services.RewardAPI\Mango.Services.RewardAPI.csproj", "{92B53F62-89B8-4F8C-AAC6-09183B7D6484}"
EndProject
Project("{FAE04EC0-301F-11D3-BF4B-00C04F79EFBC}") = "Mango.GatewaySolution", "Mango.GatewaySolution\Mango.GatewaySolution.csproj", "{76CD8D43-122E-46FD-9A91-E3E2EA470F0E}"
EndProject
Global
	GlobalSection(SolutionConfigurationPlatforms) = preSolution
		Debug|Any CPU = Debug|Any CPU
		Release|Any CPU = Release|Any CPU
	EndGlobalSection
	GlobalSection(ProjectConfigurationPlatforms) = postSolution
		{5306D949-B774-437D-BE90-EA0917A9762A}.Debug|Any CPU.ActiveCfg = Debug|Any CPU
		{5306D949-B774-437D-BE90-EA0917A9762A}.Debug|Any CPU.Build.0 = Debug|Any CPU
		{5306D949-B774-437D-BE90-EA0917A9762A}.Release|Any CPU.ActiveCfg = Release|Any CPU
		{5306D949-B774-437D-BE90-EA0917A9762A}.Release|Any CPU.Build.0 = Release|Any CPU
		{A354B482-9C76-45C3-A251-4D9D8F7F2098}.Debug|Any CPU.ActiveCfg = Debug|Any CPU
		{A354B482-9C76-45C3-A251-4D9D8F7F2098}.Debug|Any CPU.Build.0 = Debug|Any CPU
		{A354B482-9C76-45C3-A251-4D9D8F7F2098}.Release|Any CPU.ActiveCfg = Release|Any CPU
		{A354B482-9C76-45C3-A251-4D9D8F7F2098}.Release|Any CPU.Build.0 = Release|Any CPU
		{4C732CDA-AFB3-4511-AAF0-3435C37E3E31}.Debug|Any CPU.ActiveCfg = Debug|Any CPU
		{4C732CDA-AFB3-4511-AAF0-3435C37E3E31}.Debug|Any CPU.Build.0 = Debug|Any CPU
		{4C732CDA-AFB3-4511-AAF0-3435C37E3E31}.Release|Any CPU.ActiveCfg = Release|Any CPU
		{4C732CDA-AFB3-4511-AAF0-3435C37E3E31}.Release|Any CPU.Build.0 = Release|Any CPU
		{91FFA791-9C27-42CA-8204-8DB697BA5976}.Debug|Any CPU.ActiveCfg = Debug|Any CPU
		{91FFA791-9C27-42CA-8204-8DB697BA5976}.Debug|Any CPU.Build.0 = Debug|Any CPU
		{91FFA791-9C27-42CA-8204-8DB697BA5976}.Release|Any CPU.ActiveCfg = Release|Any CPU
		{91FFA791-9C27-42CA-8204-8DB697BA5976}.Release|Any CPU.Build.0 = Release|Any CPU
		{2F8F57EA-FFE7-4365-A483-B9511469AD88}.Debug|Any CPU.ActiveCfg = Debug|Any CPU
		{2F8F57EA-FFE7-4365-A483-B9511469AD88}.Debug|Any CPU.Build.0 = Debug|Any CPU
		{2F8F57EA-FFE7-4365-A483-B9511469AD88}.Release|Any CPU.ActiveCfg = Release|Any CPU
		{2F8F57EA-FFE7-4365-A483-B9511469AD88}.Release|Any CPU.Build.0 = Release|Any CPU
		{FE6B65CB-543A-4055-A38E-B56E613C2CA8}.Debug|Any CPU.ActiveCfg = Debug|Any CPU
		{FE6B65CB-543A-4055-A38E-B56E613C2CA8}.Debug|Any CPU.Build.0 = Debug|Any CPU
		{FE6B65CB-543A-4055-A38E-B56E613C2CA8}.Release|Any CPU.ActiveCfg = Release|Any CPU
		{FE6B65CB-543A-4055-A38E-B56E613C2CA8}.Release|Any CPU.Build.0 = Release|Any CPU
		{6F0A77F5-7257-4547-8E80-D211E545BA12}.Debug|Any CPU.ActiveCfg = Debug|Any CPU
		{6F0A77F5-7257-4547-8E80-D211E545BA12}.Debug|Any CPU.Build.0 = Debug|Any CPU
		{6F0A77F5-7257-4547-8E80-D211E545BA12}.Release|Any CPU.ActiveCfg = Release|Any CPU
		{6F0A77F5-7257-4547-8E80-D211E545BA12}.Release|Any CPU.Build.0 = Release|Any CPU
		{1724372C-9B65-4EA5-A837-D90155424CFE}.Debug|Any CPU.ActiveCfg = Debug|Any CPU
		{1724372C-9B65-4EA5-A837-D90155424CFE}.Debug|Any CPU.Build.0 = Debug|Any CPU
		{1724372C-9B65-4EA5-A837-D90155424CFE}.Release|Any CPU.ActiveCfg = Release|Any CPU
		{1724372C-9B65-4EA5-A837-D90155424CFE}.Release|Any CPU.Build.0 = Release|Any CPU
		{92B53F62-89B8-4F8C-AAC6-09183B7D6484}.Debug|Any CPU.ActiveCfg = Debug|Any CPU
		{92B53F62-89B8-4F8C-AAC6-09183B7D6484}.Debug|Any CPU.Build.0 = Debug|Any CPU
		{92B53F62-89B8-4F8C-AAC6-09183B7D6484}.Release|Any CPU.ActiveCfg = Release|Any CPU
		{92B53F62-89B8-4F8C-AAC6-09183B7D6484}.Release|Any CPU.Build.0 = Release|Any CPU
		{76CD8D43-122E-46FD-9A91-E3E2EA470F0E}.Debug|Any CPU.ActiveCfg = Debug|Any CPU
		{76CD8D43-122E-46FD-9A91-E3E2EA470F0E}.Debug|Any CPU.Build.0 = Debug|Any CPU
		{76CD8D43-122E-46FD-9A91-E3E2EA470F0E}.Release|Any CPU.ActiveCfg = Release|Any CPU
		{76CD8D43-122E-46FD-9A91-E3E2EA470F0E}.Release|Any CPU.Build.0 = Release|Any CPU
	EndGlobalSection
	GlobalSection(SolutionProperties) = preSolution
		HideSolutionNode = FALSE
	EndGlobalSection
	GlobalSection(NestedProjects) = preSolution
		{5306D949-B774-437D-BE90-EA0917A9762A} = {8502743A-E866-4E3F-8A24-BD9D8FD89146}
		{A354B482-9C76-45C3-A251-4D9D8F7F2098} = {3AA09D72-4ABF-43FF-BF24-7A12109CD485}
		{4C732CDA-AFB3-4511-AAF0-3435C37E3E31} = {8502743A-E866-4E3F-8A24-BD9D8FD89146}
		{91FFA791-9C27-42CA-8204-8DB697BA5976} = {8502743A-E866-4E3F-8A24-BD9D8FD89146}
		{2F8F57EA-FFE7-4365-A483-B9511469AD88} = {8502743A-E866-4E3F-8A24-BD9D8FD89146}
		{FE6B65CB-543A-4055-A38E-B56E613C2CA8} = {1BF456B7-3FD2-4AC5-B645-9815258DD3F6}
		{6F0A77F5-7257-4547-8E80-D211E545BA12} = {8502743A-E866-4E3F-8A24-BD9D8FD89146}
		{1724372C-9B65-4EA5-A837-D90155424CFE} = {8502743A-E866-4E3F-8A24-BD9D8FD89146}
		{92B53F62-89B8-4F8C-AAC6-09183B7D6484} = {8502743A-E866-4E3F-8A24-BD9D8FD89146}
		{76CD8D43-122E-46FD-9A91-E3E2EA470F0E} = {9693D7D7-7789-480D-988C-DABAFAE9F17A}
	EndGlobalSection
	GlobalSection(ExtensibilityGlobals) = postSolution
		SolutionGuid = {8719D496-5648-49C5-A33F-1CE65181FE1D}
	EndGlobalSection
EndGlobal
